// !$*UTF8*$!
{
	archiveVersion = 1;
	classes = {
	};
	objectVersion = 51;
	objects = {

/* Begin PBXBuildFile section */
		35417E8222EA10910019A008 /* Restaurant.swift in Sources */ = {isa = PBXBuildFile; fileRef = 35417E8122EA10910019A008 /* Restaurant.swift */; };
		35417E8422EA1CAD0019A008 /* restaurantViewCell.swift in Sources */ = {isa = PBXBuildFile; fileRef = 35417E8322EA1CAD0019A008 /* restaurantViewCell.swift */; };
		35417E8622EA1FEF0019A008 /* restaurant2ViewCell.swift in Sources */ = {isa = PBXBuildFile; fileRef = 35417E8522EA1FEF0019A008 /* restaurant2ViewCell.swift */; };
		35417E8822EA3D3E0019A008 /* RestaurantProfileViewController.swift in Sources */ = {isa = PBXBuildFile; fileRef = 35417E8722EA3D3E0019A008 /* RestaurantProfileViewController.swift */; };
		356F37B722EAF08F005D4199 /* TabBarController.swift in Sources */ = {isa = PBXBuildFile; fileRef = 356F37B622EAF08F005D4199 /* TabBarController.swift */; };
		356F37BC22EB0383005D4199 /* RestaurantProfileTableViewController.swift in Sources */ = {isa = PBXBuildFile; fileRef = 356F37BB22EB0383005D4199 /* RestaurantProfileTableViewController.swift */; };
		356F37BE22EB0D56005D4199 /* Category.swift in Sources */ = {isa = PBXBuildFile; fileRef = 356F37BD22EB0D56005D4199 /* Category.swift */; };
		356F37C022EB0D90005D4199 /* Food.swift in Sources */ = {isa = PBXBuildFile; fileRef = 356F37BF22EB0D90005D4199 /* Food.swift */; };
		356F37C222EB0E99005D4199 /* Option.swift in Sources */ = {isa = PBXBuildFile; fileRef = 356F37C122EB0E99005D4199 /* Option.swift */; };
		356F37C422EB1C48005D4199 /* FoodViewCell.swift in Sources */ = {isa = PBXBuildFile; fileRef = 356F37C322EB1C48005D4199 /* FoodViewCell.swift */; };
		3589FB6722F0AA6300B6D535 /* OrderViewController.swift in Sources */ = {isa = PBXBuildFile; fileRef = 3589FB6622F0AA6300B6D535 /* OrderViewController.swift */; };
		3589FB6922F0B20E00B6D535 /* Cart.swift in Sources */ = {isa = PBXBuildFile; fileRef = 3589FB6822F0B20E00B6D535 /* Cart.swift */; };
		3589FB6B22F0BEDD00B6D535 /* OrderItemViewCell.swift in Sources */ = {isa = PBXBuildFile; fileRef = 3589FB6A22F0BEDD00B6D535 /* OrderItemViewCell.swift */; };
		359CDDDB22E781D30055FCE2 /* AppDelegate.swift in Sources */ = {isa = PBXBuildFile; fileRef = 359CDDDA22E781D30055FCE2 /* AppDelegate.swift */; };
		359CDDDD22E781D30055FCE2 /* HomeViewController.swift in Sources */ = {isa = PBXBuildFile; fileRef = 359CDDDC22E781D30055FCE2 /* HomeViewController.swift */; };
		359CDDE022E781D30055FCE2 /* Main.storyboard in Resources */ = {isa = PBXBuildFile; fileRef = 359CDDDE22E781D30055FCE2 /* Main.storyboard */; };
		359CDDE222E781D40055FCE2 /* Assets.xcassets in Resources */ = {isa = PBXBuildFile; fileRef = 359CDDE122E781D40055FCE2 /* Assets.xcassets */; };
		359CDDE522E781D40055FCE2 /* LaunchScreen.storyboard in Resources */ = {isa = PBXBuildFile; fileRef = 359CDDE322E781D40055FCE2 /* LaunchScreen.storyboard */; };
		35BB989822EC6B0300A759CD /* GoogleService-Info.plist in Resources */ = {isa = PBXBuildFile; fileRef = 35BB989722EC6B0300A759CD /* GoogleService-Info.plist */; };
		6EE4653211E8D0A572DAE6D1 /* Pods_FoodOrderingApp.framework in Frameworks */ = {isa = PBXBuildFile; fileRef = CA13DE8099F2689ECF5E5376 /* Pods_FoodOrderingApp.framework */; };
/* End PBXBuildFile section */

/* Begin PBXFileReference section */
		35417E8122EA10910019A008 /* Restaurant.swift */ = {isa = PBXFileReference; lastKnownFileType = sourcecode.swift; path = Restaurant.swift; sourceTree = "<group>"; };
		35417E8322EA1CAD0019A008 /* restaurantViewCell.swift */ = {isa = PBXFileReference; lastKnownFileType = sourcecode.swift; path = restaurantViewCell.swift; sourceTree = "<group>"; };
		35417E8522EA1FEF0019A008 /* restaurant2ViewCell.swift */ = {isa = PBXFileReference; lastKnownFileType = sourcecode.swift; path = restaurant2ViewCell.swift; sourceTree = "<group>"; };
		35417E8722EA3D3E0019A008 /* RestaurantProfileViewController.swift */ = {isa = PBXFileReference; lastKnownFileType = sourcecode.swift; path = RestaurantProfileViewController.swift; sourceTree = "<group>"; };
		356F37B622EAF08F005D4199 /* TabBarController.swift */ = {isa = PBXFileReference; lastKnownFileType = sourcecode.swift; path = TabBarController.swift; sourceTree = "<group>"; };
		356F37BB22EB0383005D4199 /* RestaurantProfileTableViewController.swift */ = {isa = PBXFileReference; lastKnownFileType = sourcecode.swift; path = RestaurantProfileTableViewController.swift; sourceTree = "<group>"; };
		356F37BD22EB0D56005D4199 /* Category.swift */ = {isa = PBXFileReference; lastKnownFileType = sourcecode.swift; path = Category.swift; sourceTree = "<group>"; };
		356F37BF22EB0D90005D4199 /* Food.swift */ = {isa = PBXFileReference; lastKnownFileType = sourcecode.swift; path = Food.swift; sourceTree = "<group>"; };
		356F37C122EB0E99005D4199 /* Option.swift */ = {isa = PBXFileReference; lastKnownFileType = sourcecode.swift; path = Option.swift; sourceTree = "<group>"; };
		356F37C322EB1C48005D4199 /* FoodViewCell.swift */ = {isa = PBXFileReference; lastKnownFileType = sourcecode.swift; path = FoodViewCell.swift; sourceTree = "<group>"; };
		3589FB6622F0AA6300B6D535 /* OrderViewController.swift */ = {isa = PBXFileReference; lastKnownFileType = sourcecode.swift; path = OrderViewController.swift; sourceTree = "<group>"; };
		3589FB6822F0B20E00B6D535 /* Cart.swift */ = {isa = PBXFileReference; lastKnownFileType = sourcecode.swift; path = Cart.swift; sourceTree = "<group>"; };
		3589FB6A22F0BEDD00B6D535 /* OrderItemViewCell.swift */ = {isa = PBXFileReference; lastKnownFileType = sourcecode.swift; path = OrderItemViewCell.swift; sourceTree = "<group>"; };
		359CDDD722E781D30055FCE2 /* FoodOrderingApp.app */ = {isa = PBXFileReference; explicitFileType = wrapper.application; includeInIndex = 0; path = FoodOrderingApp.app; sourceTree = BUILT_PRODUCTS_DIR; };
		359CDDDA22E781D30055FCE2 /* AppDelegate.swift */ = {isa = PBXFileReference; lastKnownFileType = sourcecode.swift; path = AppDelegate.swift; sourceTree = "<group>"; };
		359CDDDC22E781D30055FCE2 /* HomeViewController.swift */ = {isa = PBXFileReference; lastKnownFileType = sourcecode.swift; path = HomeViewController.swift; sourceTree = "<group>"; };
		359CDDDF22E781D30055FCE2 /* Base */ = {isa = PBXFileReference; lastKnownFileType = file.storyboard; name = Base; path = Base.lproj/Main.storyboard; sourceTree = "<group>"; };
		359CDDE122E781D40055FCE2 /* Assets.xcassets */ = {isa = PBXFileReference; lastKnownFileType = folder.assetcatalog; path = Assets.xcassets; sourceTree = "<group>"; };
		359CDDE422E781D40055FCE2 /* Base */ = {isa = PBXFileReference; lastKnownFileType = file.storyboard; name = Base; path = Base.lproj/LaunchScreen.storyboard; sourceTree = "<group>"; };
		359CDDE622E781D40055FCE2 /* Info.plist */ = {isa = PBXFileReference; lastKnownFileType = text.plist.xml; path = Info.plist; sourceTree = "<group>"; };
		35BB989722EC6B0300A759CD /* GoogleService-Info.plist */ = {isa = PBXFileReference; fileEncoding = 4; lastKnownFileType = text.plist.xml; path = "GoogleService-Info.plist"; sourceTree = "<group>"; };
		48F8E102D39245E18A4C805E /* Pods-FoodOrderingApp.release.xcconfig */ = {isa = PBXFileReference; includeInIndex = 1; lastKnownFileType = text.xcconfig; name = "Pods-FoodOrderingApp.release.xcconfig"; path = "Target Support Files/Pods-FoodOrderingApp/Pods-FoodOrderingApp.release.xcconfig"; sourceTree = "<group>"; };
		CA13DE8099F2689ECF5E5376 /* Pods_FoodOrderingApp.framework */ = {isa = PBXFileReference; explicitFileType = wrapper.framework; includeInIndex = 0; path = Pods_FoodOrderingApp.framework; sourceTree = BUILT_PRODUCTS_DIR; };
		D7D399C5EFC51F581419D503 /* Pods-FoodOrderingApp.debug.xcconfig */ = {isa = PBXFileReference; includeInIndex = 1; lastKnownFileType = text.xcconfig; name = "Pods-FoodOrderingApp.debug.xcconfig"; path = "Target Support Files/Pods-FoodOrderingApp/Pods-FoodOrderingApp.debug.xcconfig"; sourceTree = "<group>"; };
/* End PBXFileReference section */

/* Begin PBXFrameworksBuildPhase section */
		359CDDD422E781D20055FCE2 /* Frameworks */ = {
			isa = PBXFrameworksBuildPhase;
			buildActionMask = 2147483647;
			files = (
				6EE4653211E8D0A572DAE6D1 /* Pods_FoodOrderingApp.framework in Frameworks */,
			);
			runOnlyForDeploymentPostprocessing = 0;
		};
/* End PBXFrameworksBuildPhase section */

/* Begin PBXGroup section */
		356F37B522EAF061005D4199 /* TabBarController */ = {
			isa = PBXGroup;
			children = (
				356F37B622EAF08F005D4199 /* TabBarController.swift */,
			);
			path = TabBarController;
			sourceTree = "<group>";
		};
		356F37B822EAF27D005D4199 /* Cells */ = {
			isa = PBXGroup;
			children = (
				35417E8322EA1CAD0019A008 /* restaurantViewCell.swift */,
				35417E8522EA1FEF0019A008 /* restaurant2ViewCell.swift */,
				356F37C322EB1C48005D4199 /* FoodViewCell.swift */,
				3589FB6A22F0BEDD00B6D535 /* OrderItemViewCell.swift */,
			);
			path = Cells;
			sourceTree = "<group>";
		};
		356F37B922EAF3B6005D4199 /* ViewControllers */ = {
			isa = PBXGroup;
			children = (
				359CDDDC22E781D30055FCE2 /* HomeViewController.swift */,
				35417E8722EA3D3E0019A008 /* RestaurantProfileViewController.swift */,
				3589FB6622F0AA6300B6D535 /* OrderViewController.swift */,
			);
			path = ViewControllers;
			sourceTree = "<group>";
		};
		356F37BA22EB0353005D4199 /* TableViewControllers */ = {
			isa = PBXGroup;
			children = (
				356F37BB22EB0383005D4199 /* RestaurantProfileTableViewController.swift */,
			);
			path = TableViewControllers;
			sourceTree = "<group>";
		};
		359CDDCE22E781D20055FCE2 = {
			isa = PBXGroup;
			children = (
				359CDDD922E781D30055FCE2 /* FoodOrderingApp */,
				359CDDD822E781D30055FCE2 /* Products */,
				FFB314A54C1854E049D7044B /* Pods */,
				ABCC771A690366ECE6ACF078 /* Frameworks */,
			);
			sourceTree = "<group>";
		};
		359CDDD822E781D30055FCE2 /* Products */ = {
			isa = PBXGroup;
			children = (
				359CDDD722E781D30055FCE2 /* FoodOrderingApp.app */,
			);
			name = Products;
			sourceTree = "<group>";
		};
		359CDDD922E781D30055FCE2 /* FoodOrderingApp */ = {
			isa = PBXGroup;
			children = (
				359CDDEE22E782190055FCE2 /* Controller */,
				359CDDED22E7820F0055FCE2 /* View */,
				359CDDEC22E781F70055FCE2 /* Model */,
				359CDDDA22E781D30055FCE2 /* AppDelegate.swift */,
				359CDDE122E781D40055FCE2 /* Assets.xcassets */,
				359CDDE322E781D40055FCE2 /* LaunchScreen.storyboard */,
				359CDDE622E781D40055FCE2 /* Info.plist */,
				35BB989922EC6B6C00A759CD /* SupportingFiles */,
			);
			path = FoodOrderingApp;
			sourceTree = "<group>";
		};
		359CDDEC22E781F70055FCE2 /* Model */ = {
			isa = PBXGroup;
			children = (
				356F37B822EAF27D005D4199 /* Cells */,
				35417E8122EA10910019A008 /* Restaurant.swift */,
				356F37BD22EB0D56005D4199 /* Category.swift */,
				356F37BF22EB0D90005D4199 /* Food.swift */,
				356F37C122EB0E99005D4199 /* Option.swift */,
				3589FB6822F0B20E00B6D535 /* Cart.swift */,
			);
			path = Model;
			sourceTree = "<group>";
		};
		359CDDED22E7820F0055FCE2 /* View */ = {
			isa = PBXGroup;
			children = (
				359CDDDE22E781D30055FCE2 /* Main.storyboard */,
			);
			path = View;
			sourceTree = "<group>";
		};
		359CDDEE22E782190055FCE2 /* Controller */ = {
			isa = PBXGroup;
			children = (
				356F37B922EAF3B6005D4199 /* ViewControllers */,
				356F37BA22EB0353005D4199 /* TableViewControllers */,
				356F37B522EAF061005D4199 /* TabBarController */,
			);
			path = Controller;
			sourceTree = "<group>";
		};
		35BB989922EC6B6C00A759CD /* SupportingFiles */ = {
			isa = PBXGroup;
			children = (
				35BB989722EC6B0300A759CD /* GoogleService-Info.plist */,
			);
			path = SupportingFiles;
			sourceTree = "<group>";
		};
		ABCC771A690366ECE6ACF078 /* Frameworks */ = {
			isa = PBXGroup;
			children = (
				CA13DE8099F2689ECF5E5376 /* Pods_FoodOrderingApp.framework */,
			);
			name = Frameworks;
			sourceTree = "<group>";
		};
		FFB314A54C1854E049D7044B /* Pods */ = {
			isa = PBXGroup;
			children = (
				D7D399C5EFC51F581419D503 /* Pods-FoodOrderingApp.debug.xcconfig */,
				48F8E102D39245E18A4C805E /* Pods-FoodOrderingApp.release.xcconfig */,
			);
			path = Pods;
			sourceTree = "<group>";
		};
/* End PBXGroup section */

/* Begin PBXNativeTarget section */
		359CDDD622E781D20055FCE2 /* FoodOrderingApp */ = {
			isa = PBXNativeTarget;
			buildConfigurationList = 359CDDE922E781D40055FCE2 /* Build configuration list for PBXNativeTarget "FoodOrderingApp" */;
			buildPhases = (
				DCB8B6490736694C6310A900 /* [CP] Check Pods Manifest.lock */,
				359CDDD322E781D20055FCE2 /* Sources */,
				359CDDD422E781D20055FCE2 /* Frameworks */,
				359CDDD522E781D20055FCE2 /* Resources */,
				9011DE24304DED8C6650AA49 /* [CP] Embed Pods Frameworks */,
			);
			buildRules = (
			);
			dependencies = (
			);
			name = FoodOrderingApp;
			productName = FoodOrderingApp;
			productReference = 359CDDD722E781D30055FCE2 /* FoodOrderingApp.app */;
			productType = "com.apple.product-type.application";
		};
/* End PBXNativeTarget section */

/* Begin PBXProject section */
		359CDDCF22E781D20055FCE2 /* Project object */ = {
			isa = PBXProject;
			attributes = {
				LastSwiftUpdateCheck = 1020;
				LastUpgradeCheck = 1020;
				ORGANIZATIONNAME = "Marko K";
				TargetAttributes = {
					359CDDD622E781D20055FCE2 = {
						CreatedOnToolsVersion = 10.2.1;
					};
				};
			};
			buildConfigurationList = 359CDDD222E781D20055FCE2 /* Build configuration list for PBXProject "FoodOrderingApp" */;
			compatibilityVersion = "Xcode 9.3";
			developmentRegion = en;
			hasScannedForEncodings = 0;
			knownRegions = (
				en,
				Base,
			);
			mainGroup = 359CDDCE22E781D20055FCE2;
			productRefGroup = 359CDDD822E781D30055FCE2 /* Products */;
			projectDirPath = "";
			projectRoot = "";
			targets = (
				359CDDD622E781D20055FCE2 /* FoodOrderingApp */,
			);
		};
/* End PBXProject section */

/* Begin PBXResourcesBuildPhase section */
		359CDDD522E781D20055FCE2 /* Resources */ = {
			isa = PBXResourcesBuildPhase;
			buildActionMask = 2147483647;
			files = (
				359CDDE522E781D40055FCE2 /* LaunchScreen.storyboard in Resources */,
				35BB989822EC6B0300A759CD /* GoogleService-Info.plist in Resources */,
				359CDDE222E781D40055FCE2 /* Assets.xcassets in Resources */,
				359CDDE022E781D30055FCE2 /* Main.storyboard in Resources */,
			);
			runOnlyForDeploymentPostprocessing = 0;
		};
/* End PBXResourcesBuildPhase section */

/* Begin PBXShellScriptBuildPhase section */
		9011DE24304DED8C6650AA49 /* [CP] Embed Pods Frameworks */ = {
			isa = PBXShellScriptBuildPhase;
			buildActionMask = 2147483647;
			files = (
			);
			inputFileListPaths = (
				"${PODS_ROOT}/Target Support Files/Pods-FoodOrderingApp/Pods-FoodOrderingApp-frameworks-${CONFIGURATION}-input-files.xcfilelist",
			);
			name = "[CP] Embed Pods Frameworks";
			outputFileListPaths = (
				"${PODS_ROOT}/Target Support Files/Pods-FoodOrderingApp/Pods-FoodOrderingApp-frameworks-${CONFIGURATION}-output-files.xcfilelist",
			);
			runOnlyForDeploymentPostprocessing = 0;
			shellPath = /bin/sh;
			shellScript = "\"${PODS_ROOT}/Target Support Files/Pods-FoodOrderingApp/Pods-FoodOrderingApp-frameworks.sh\"\n";
			showEnvVarsInLog = 0;
		};
		DCB8B6490736694C6310A900 /* [CP] Check Pods Manifest.lock */ = {
			isa = PBXShellScriptBuildPhase;
			buildActionMask = 2147483647;
			files = (
			);
			inputFileListPaths = (
			);
			inputPaths = (
				"${PODS_PODFILE_DIR_PATH}/Podfile.lock",
				"${PODS_ROOT}/Manifest.lock",
			);
			name = "[CP] Check Pods Manifest.lock";
			outputFileListPaths = (
			);
			outputPaths = (
				"$(DERIVED_FILE_DIR)/Pods-FoodOrderingApp-checkManifestLockResult.txt",
			);
			runOnlyForDeploymentPostprocessing = 0;
			shellPath = /bin/sh;
			shellScript = "diff \"${PODS_PODFILE_DIR_PATH}/Podfile.lock\" \"${PODS_ROOT}/Manifest.lock\" > /dev/null\nif [ $? != 0 ] ; then\n    # print error to STDERR\n    echo \"error: The sandbox is not in sync with the Podfile.lock. Run 'pod install' or update your CocoaPods installation.\" >&2\n    exit 1\nfi\n# This output is used by Xcode 'outputs' to avoid re-running this script phase.\necho \"SUCCESS\" > \"${SCRIPT_OUTPUT_FILE_0}\"\n";
			showEnvVarsInLog = 0;
		};
/* End PBXShellScriptBuildPhase section */

/* Begin PBXSourcesBuildPhase section */
		359CDDD322E781D20055FCE2 /* Sources */ = {
			isa = PBXSourcesBuildPhase;
			buildActionMask = 2147483647;
			files = (
				35417E8222EA10910019A008 /* Restaurant.swift in Sources */,
				359CDDDD22E781D30055FCE2 /* HomeViewController.swift in Sources */,
				3589FB6722F0AA6300B6D535 /* OrderViewController.swift in Sources */,
				3589FB6922F0B20E00B6D535 /* Cart.swift in Sources */,
				359CDDDB22E781D30055FCE2 /* AppDelegate.swift in Sources */,
				356F37C222EB0E99005D4199 /* Option.swift in Sources */,
				35417E8622EA1FEF0019A008 /* restaurant2ViewCell.swift in Sources */,
				356F37B722EAF08F005D4199 /* TabBarController.swift in Sources */,
				3589FB6B22F0BEDD00B6D535 /* OrderItemViewCell.swift in Sources */,
				356F37BE22EB0D56005D4199 /* Category.swift in Sources */,
				35417E8422EA1CAD0019A008 /* restaurantViewCell.swift in Sources */,
				356F37C422EB1C48005D4199 /* FoodViewCell.swift in Sources */,
				356F37C022EB0D90005D4199 /* Food.swift in Sources */,
				356F37BC22EB0383005D4199 /* RestaurantProfileTableViewController.swift in Sources */,
				35417E8822EA3D3E0019A008 /* RestaurantProfileViewController.swift in Sources */,
			);
			runOnlyForDeploymentPostprocessing = 0;
		};
/* End PBXSourcesBuildPhase section */

/* Begin PBXVariantGroup section */
		359CDDDE22E781D30055FCE2 /* Main.storyboard */ = {
			isa = PBXVariantGroup;
			children = (
				359CDDDF22E781D30055FCE2 /* Base */,
			);
			name = Main.storyboard;
			sourceTree = "<group>";
		};
		359CDDE322E781D40055FCE2 /* LaunchScreen.storyboard */ = {
			isa = PBXVariantGroup;
			children = (
				359CDDE422E781D40055FCE2 /* Base */,
			);
			name = LaunchScreen.storyboard;
			sourceTree = "<group>";
		};
/* End PBXVariantGroup section */

/* Begin XCBuildConfiguration section */
		359CDDE722E781D40055FCE2 /* Debug */ = {
			isa = XCBuildConfiguration;
			buildSettings = {
				ALWAYS_SEARCH_USER_PATHS = NO;
				CLANG_ANALYZER_NONNULL = YES;
				CLANG_ANALYZER_NUMBER_OBJECT_CONVERSION = YES_AGGRESSIVE;
				CLANG_CXX_LANGUAGE_STANDARD = "gnu++14";
				CLANG_CXX_LIBRARY = "libc++";
				CLANG_ENABLE_MODULES = YES;
				CLANG_ENABLE_OBJC_ARC = YES;
				CLANG_ENABLE_OBJC_WEAK = YES;
				CLANG_WARN_BLOCK_CAPTURE_AUTORELEASING = YES;
				CLANG_WARN_BOOL_CONVERSION = YES;
				CLANG_WARN_COMMA = YES;
				CLANG_WARN_CONSTANT_CONVERSION = YES;
				CLANG_WARN_DEPRECATED_OBJC_IMPLEMENTATIONS = YES;
				CLANG_WARN_DIRECT_OBJC_ISA_USAGE = YES_ERROR;
				CLANG_WARN_DOCUMENTATION_COMMENTS = YES;
				CLANG_WARN_EMPTY_BODY = YES;
				CLANG_WARN_ENUM_CONVERSION = YES;
				CLANG_WARN_INFINITE_RECURSION = YES;
				CLANG_WARN_INT_CONVERSION = YES;
				CLANG_WARN_NON_LITERAL_NULL_CONVERSION = YES;
				CLANG_WARN_OBJC_IMPLICIT_RETAIN_SELF = YES;
				CLANG_WARN_OBJC_LITERAL_CONVERSION = YES;
				CLANG_WARN_OBJC_ROOT_CLASS = YES_ERROR;
				CLANG_WARN_RANGE_LOOP_ANALYSIS = YES;
				CLANG_WARN_STRICT_PROTOTYPES = YES;
				CLANG_WARN_SUSPICIOUS_MOVE = YES;
				CLANG_WARN_UNGUARDED_AVAILABILITY = YES_AGGRESSIVE;
				CLANG_WARN_UNREACHABLE_CODE = YES;
				CLANG_WARN__DUPLICATE_METHOD_MATCH = YES;
				CODE_SIGN_IDENTITY = "iPhone Developer";
				COPY_PHASE_STRIP = NO;
				DEBUG_INFORMATION_FORMAT = dwarf;
				ENABLE_STRICT_OBJC_MSGSEND = YES;
				ENABLE_TESTABILITY = YES;
				GCC_C_LANGUAGE_STANDARD = gnu11;
				GCC_DYNAMIC_NO_PIC = NO;
				GCC_NO_COMMON_BLOCKS = YES;
				GCC_OPTIMIZATION_LEVEL = 0;
				GCC_PREPROCESSOR_DEFINITIONS = (
					"DEBUG=1",
					"$(inherited)",
				);
				GCC_WARN_64_TO_32_BIT_CONVERSION = YES;
				GCC_WARN_ABOUT_RETURN_TYPE = YES_ERROR;
				GCC_WARN_UNDECLARED_SELECTOR = YES;
				GCC_WARN_UNINITIALIZED_AUTOS = YES_AGGRESSIVE;
				GCC_WARN_UNUSED_FUNCTION = YES;
				GCC_WARN_UNUSED_VARIABLE = YES;
				IPHONEOS_DEPLOYMENT_TARGET = 12.2;
				MTL_ENABLE_DEBUG_INFO = INCLUDE_SOURCE;
				MTL_FAST_MATH = YES;
				ONLY_ACTIVE_ARCH = YES;
				SDKROOT = iphoneos;
				SWIFT_ACTIVE_COMPILATION_CONDITIONS = DEBUG;
				SWIFT_OPTIMIZATION_LEVEL = "-Onone";
			};
			name = Debug;
		};
		359CDDE822E781D40055FCE2 /* Release */ = {
			isa = XCBuildConfiguration;
			buildSettings = {
				ALWAYS_SEARCH_USER_PATHS = NO;
				CLANG_ANALYZER_NONNULL = YES;
				CLANG_ANALYZER_NUMBER_OBJECT_CONVERSION = YES_AGGRESSIVE;
				CLANG_CXX_LANGUAGE_STANDARD = "gnu++14";
				CLANG_CXX_LIBRARY = "libc++";
				CLANG_ENABLE_MODULES = YES;
				CLANG_ENABLE_OBJC_ARC = YES;
				CLANG_ENABLE_OBJC_WEAK = YES;
				CLANG_WARN_BLOCK_CAPTURE_AUTORELEASING = YES;
				CLANG_WARN_BOOL_CONVERSION = YES;
				CLANG_WARN_COMMA = YES;
				CLANG_WARN_CONSTANT_CONVERSION = YES;
				CLANG_WARN_DEPRECATED_OBJC_IMPLEMENTATIONS = YES;
				CLANG_WARN_DIRECT_OBJC_ISA_USAGE = YES_ERROR;
				CLANG_WARN_DOCUMENTATION_COMMENTS = YES;
				CLANG_WARN_EMPTY_BODY = YES;
				CLANG_WARN_ENUM_CONVERSION = YES;
				CLANG_WARN_INFINITE_RECURSION = YES;
				CLANG_WARN_INT_CONVERSION = YES;
				CLANG_WARN_NON_LITERAL_NULL_CONVERSION = YES;
				CLANG_WARN_OBJC_IMPLICIT_RETAIN_SELF = YES;
				CLANG_WARN_OBJC_LITERAL_CONVERSION = YES;
				CLANG_WARN_OBJC_ROOT_CLASS = YES_ERROR;
				CLANG_WARN_RANGE_LOOP_ANALYSIS = YES;
				CLANG_WARN_STRICT_PROTOTYPES = YES;
				CLANG_WARN_SUSPICIOUS_MOVE = YES;
				CLANG_WARN_UNGUARDED_AVAILABILITY = YES_AGGRESSIVE;
				CLANG_WARN_UNREACHABLE_CODE = YES;
				CLANG_WARN__DUPLICATE_METHOD_MATCH = YES;
				CODE_SIGN_IDENTITY = "iPhone Developer";
				COPY_PHASE_STRIP = NO;
				DEBUG_INFORMATION_FORMAT = "dwarf-with-dsym";
				ENABLE_NS_ASSERTIONS = NO;
				ENABLE_STRICT_OBJC_MSGSEND = YES;
				GCC_C_LANGUAGE_STANDARD = gnu11;
				GCC_NO_COMMON_BLOCKS = YES;
				GCC_WARN_64_TO_32_BIT_CONVERSION = YES;
				GCC_WARN_ABOUT_RETURN_TYPE = YES_ERROR;
				GCC_WARN_UNDECLARED_SELECTOR = YES;
				GCC_WARN_UNINITIALIZED_AUTOS = YES_AGGRESSIVE;
				GCC_WARN_UNUSED_FUNCTION = YES;
				GCC_WARN_UNUSED_VARIABLE = YES;
				IPHONEOS_DEPLOYMENT_TARGET = 12.2;
				MTL_ENABLE_DEBUG_INFO = NO;
				MTL_FAST_MATH = YES;
				SDKROOT = iphoneos;
				SWIFT_COMPILATION_MODE = wholemodule;
				SWIFT_OPTIMIZATION_LEVEL = "-O";
				VALIDATE_PRODUCT = YES;
			};
			name = Release;
		};
		359CDDEA22E781D40055FCE2 /* Debug */ = {
			isa = XCBuildConfiguration;
			baseConfigurationReference = D7D399C5EFC51F581419D503 /* Pods-FoodOrderingApp.debug.xcconfig */;
			buildSettings = {
				ASSETCATALOG_COMPILER_APPICON_NAME = AppIcon;
				CODE_SIGN_STYLE = Automatic;
				DEVELOPMENT_TEAM = "";
				INFOPLIST_FILE = FoodOrderingApp/Info.plist;
				LD_RUNPATH_SEARCH_PATHS = (
					"$(inherited)",
					"@executable_path/Frameworks",
				);
				PRODUCT_BUNDLE_IDENTIFIER = com.markok.FoodOrderingApp;
				PRODUCT_NAME = "$(TARGET_NAME)";
				SWIFT_VERSION = 5.0;
				TARGETED_DEVICE_FAMILY = "1,2";
			};
			name = Debug;
		};
		359CDDEB22E781D40055FCE2 /* Release */ = {
			isa = XCBuildConfiguration;
			baseConfigurationReference = 48F8E102D39245E18A4C805E /* Pods-FoodOrderingApp.release.xcconfig */;
			buildSettings = {
				ASSETCATALOG_COMPILER_APPICON_NAME = AppIcon;
				CODE_SIGN_STYLE = Automatic;
				DEVELOPMENT_TEAM = "";
				INFOPLIST_FILE = FoodOrderingApp/Info.plist;
				LD_RUNPATH_SEARCH_PATHS = (
					"$(inherited)",
					"@executable_path/Frameworks",
				);
				PRODUCT_BUNDLE_IDENTIFIER = com.markok.FoodOrderingApp;
				PRODUCT_NAME = "$(TARGET_NAME)";
				SWIFT_VERSION = 5.0;
				TARGETED_DEVICE_FAMILY = "1,2";
			};
			name = Release;
		};
/* End XCBuildConfiguration section */

/* Begin XCConfigurationList section */
		359CDDD222E781D20055FCE2 /* Build configuration list for PBXProject "FoodOrderingApp" */ = {
			isa = XCConfigurationList;
			buildConfigurations = (
				359CDDE722E781D40055FCE2 /* Debug */,
				359CDDE822E781D40055FCE2 /* Release */,
			);
			defaultConfigurationIsVisible = 0;
			defaultConfigurationName = Release;
		};
		359CDDE922E781D40055FCE2 /* Build configuration list for PBXNativeTarget "FoodOrderingApp" */ = {
			isa = XCConfigurationList;
			buildConfigurations = (
				359CDDEA22E781D40055FCE2 /* Debug */,
				359CDDEB22E781D40055FCE2 /* Release */,
			);
			defaultConfigurationIsVisible = 0;
			defaultConfigurationName = Release;
		};
/* End XCConfigurationList section */
	};
	rootObject = 359CDDCF22E781D20055FCE2 /* Project object */;
}
